{
  "requires": true,
  "lockfileVersion": 1,
  "dependencies": {
    "sanctuary": {
      "version": "0.15.0",
      "resolved": "http://localhost:8081/repository/npm-registry/sanctuary/-/sanctuary-0.15.0.tgz",
      "integrity": "sha512-cyrFHazodEFlv6qVX/+qujO+jly2MXRMyNXR61jaqJG42JlCJnKpgQGvebYINaiRUbZ+P5Dr2Ai3Tg+vzNYCUw==",
      "requires": {
        "sanctuary-def": "0.18.1",
        "sanctuary-either": "1.0.0",
        "sanctuary-maybe": "1.0.0",
        "sanctuary-pair": "1.0.0",
        "sanctuary-show": "1.0.0",
        "sanctuary-type-classes": "9.0.0",
        "sanctuary-type-identifiers": "2.0.1"
      }
    },
    "sanctuary-def": {
      "version": "0.18.1",
      "resolved": "http://localhost:8081/repository/npm-registry/sanctuary-def/-/sanctuary-def-0.18.1.tgz",
      "integrity": "sha512-Ltu/gU5ZskRln8NI6YJru5JbpkcMe4XqFx5zJMZysTKPmOVkETys5eVvZmclNLzPNrOIPvqBGJtD/D2q9yvP/A==",
      "requires": {
        "sanctuary-either": "1.0.x",
        "sanctuary-show": "1.0.x",
        "sanctuary-type-classes": "9.0.x",
        "sanctuary-type-identifiers": "2.0.x"
      }
    },
    "sanctuary-either": {
      "version": "1.0.0",
      "resolved": "http://localhost:8081/repository/npm-registry/sanctuary-either/-/sanctuary-either-1.0.0.tgz",
      "integrity": "sha512-j4WAlwILU83wawXJQCSh5kVK27gxOykMuCfUfUOba/qUcFE+FxwHkt7lnHVYDjt7jG9SENe8bTQzPH/Zmhy3Ag==",
      "requires": {
        "sanctuary-show": "1.0.x",
        "sanctuary-type-classes": "9.0.0"
      }
    },
    "sanctuary-maybe": {
      "version": "1.0.0",
      "resolved": "http://localhost:8081/repository/npm-registry/sanctuary-maybe/-/sanctuary-maybe-1.0.0.tgz",
      "integrity": "sha512-4TUjIxznxTZ1dh8Zw4PRhaVkzY8KIZ4GGsOXBytOSV83MRRGkuz7wJHj3bfh2i9lOekbjf0Oal6v7IF6uDiYvg==",
      "requires": {
        "sanctuary-show": "1.0.x",
        "sanctuary-type-classes": "9.0.0"
      }
    },
    "sanctuary-pair": {
      "version": "1.0.0",
      "resolved": "http://localhost:8081/repository/npm-registry/sanctuary-pair/-/sanctuary-pair-1.0.0.tgz",
      "integrity": "sha512-fqXCO6boMLW7ZHrjc573u5maNdytIrNxeaotBBGrvbEVqiNeA6VH4eGARMLTCRdgOtW94aF5EUkBZCzvXLSujQ==",
      "requires": {
        "sanctuary-show": "1.0.x",
        "sanctuary-type-classes": "9.0.0"
      }
    },
    "sanctuary-show": {
      "version": "1.0.0",
      "resolved": "http://localhost:8081/repository/npm-registry/sanctuary-show/-/sanctuary-show-1.0.0.tgz",
      "integrity": "sha512-63UqNGr5M6wkzKp6eGc/Gy6JBIV2PbzPd3q88+0F9z0qydAQsCWJ+7e4oor39rEEwj2GkZMDEhqGuiMl9eEnYw=="
    },
    "sanctuary-type-classes": {
      "version": "9.0.0",
      "resolved": "http://localhost:8081/repository/npm-registry/sanctuary-type-classes/-/sanctuary-type-classes-9.0.0.tgz",
      "integrity": "sha512-rFW27f3D622kxKravpGU9OjWn66fnDjDjGPvoYo4hEoBg2ocypvp0R9cs0YovKL3jTO+PTceUBh5tYZ+l9ay3g==",
      "requires": {
        "sanctuary-type-identifiers": "1.0.x"
      },
      "dependencies": {
        "sanctuary-type-identifiers": {
          "version": "1.0.0",
          "resolved": "http://localhost:8081/repository/npm-registry/sanctuary-type-identifiers/-/sanctuary-type-identifiers-1.0.0.tgz",
          "integrity": "sha1-6PNZ8AbLXmJM+4RkYD/BFGCL3p8="
        }
      }
    },
    "sanctuary-type-identifiers": {
      "version": "2.0.1",
      "resolved": "http://localhost:8081/repository/npm-registry/sanctuary-type-identifiers/-/sanctuary-type-identifiers-2.0.1.tgz",
      "integrity": "sha1-/FJM9t2Szr/LsN2VCe/xkxWaIO0="
    }
  }
}
